
Microsoft Visual Studio Solution File, Format Version 12.00
# Visual Studio Version 16
VisualStudioVersion = 16.0.29613.14
MinimumVisualStudioVersion = 10.0.40219.1
Project("{FAE04EC0-301F-11D3-BF4B-00C04F79EFBC}") = "PingApp", "SimplePingTool\PingApp.csproj", "{1FBA9F0D-5E57-4D5B-AF90-0128ED1EB66E}"
EndProject
Project("{FAE04EC0-301F-11D3-BF4B-00C04F79EFBC}") = "PingData", "PingData\PingData.csproj", "{AE611E47-9D75-4872-A819-A2659BE9CAF8}"
EndProject
Project("{FAE04EC0-301F-11D3-BF4B-00C04F79EFBC}") = "PingDataTests", "PingDataTests1\PingDataTests.csproj", "{ED7B3929-F834-4A2E-B831-FF44F096F865}"
EndProject
Project("{FAE04EC0-301F-11D3-BF4B-00C04F79EFBC}") = "WindowsProcess", "WindowsProcess\WindowsProcess.csproj", "{5DACF0A0-D3BD-47F4-B54D-780E97FDCFAB}"
EndProject
Project("{FAE04EC0-301F-11D3-BF4B-00C04F79EFBC}") = "WindowsProcessTests", "WindowsProcessTests\WindowsProcessTests.csproj", "{0F13D1FB-3EBE-4DE4-9869-56528BC57551}"
EndProject
Global
	GlobalSection(SolutionConfigurationPlatforms) = preSolution
		Debug|Any CPU = Debug|Any CPU
		Release|Any CPU = Release|Any CPU
	EndGlobalSection
	GlobalSection(ProjectConfigurationPlatforms) = postSolution
		{1FBA9F0D-5E57-4D5B-AF90-0128ED1EB66E}.Debug|Any CPU.ActiveCfg = Debug|Any CPU
		{1FBA9F0D-5E57-4D5B-AF90-0128ED1EB66E}.Debug|Any CPU.Build.0 = Debug|Any CPU
		{1FBA9F0D-5E57-4D5B-AF90-0128ED1EB66E}.Release|Any CPU.ActiveCfg = Release|Any CPU
		{1FBA9F0D-5E57-4D5B-AF90-0128ED1EB66E}.Release|Any CPU.Build.0 = Release|Any CPU
		{AE611E47-9D75-4872-A819-A2659BE9CAF8}.Debug|Any CPU.ActiveCfg = Debug|Any CPU
		{AE611E47-9D75-4872-A819-A2659BE9CAF8}.Debug|Any CPU.Build.0 = Debug|Any CPU
		{AE611E47-9D75-4872-A819-A2659BE9CAF8}.Release|Any CPU.ActiveCfg = Release|Any CPU
		{AE611E47-9D75-4872-A819-A2659BE9CAF8}.Release|Any CPU.Build.0 = Release|Any CPU
		{ED7B3929-F834-4A2E-B831-FF44F096F865}.Debug|Any CPU.ActiveCfg = Debug|Any CPU
		{ED7B3929-F834-4A2E-B831-FF44F096F865}.Debug|Any CPU.Build.0 = Debug|Any CPU
		{ED7B3929-F834-4A2E-B831-FF44F096F865}.Release|Any CPU.ActiveCfg = Release|Any CPU
		{ED7B3929-F834-4A2E-B831-FF44F096F865}.Release|Any CPU.Build.0 = Release|Any CPU
		{5DACF0A0-D3BD-47F4-B54D-780E97FDCFAB}.Debug|Any CPU.ActiveCfg = Debug|Any CPU
		{5DACF0A0-D3BD-47F4-B54D-780E97FDCFAB}.Debug|Any CPU.Build.0 = Debug|Any CPU
		{5DACF0A0-D3BD-47F4-B54D-780E97FDCFAB}.Release|Any CPU.ActiveCfg = Release|Any CPU
		{5DACF0A0-D3BD-47F4-B54D-780E97FDCFAB}.Release|Any CPU.Build.0 = Release|Any CPU
		{0F13D1FB-3EBE-4DE4-9869-56528BC57551}.Debug|Any CPU.ActiveCfg = Debug|Any CPU
		{0F13D1FB-3EBE-4DE4-9869-56528BC57551}.Debug|Any CPU.Build.0 = Debug|Any CPU
		{0F13D1FB-3EBE-4DE4-9869-56528BC57551}.Release|Any CPU.ActiveCfg = Release|Any CPU
		{0F13D1FB-3EBE-4DE4-9869-56528BC57551}.Release|Any CPU.Build.0 = Release|Any CPU
	EndGlobalSection
	GlobalSection(SolutionProperties) = preSolution
		HideSolutionNode = FALSE
	EndGlobalSection
	GlobalSection(ExtensibilityGlobals) = postSolution
		SolutionGuid = {B4ECA3DB-880E-4EF3-9FA7-73C3BA3D7F3A}
	EndGlobalSection
EndGlobal
